
Microsoft Visual Studio Solution File, Format Version 10.00
# Visual Studio 2008
Project("{8BC9CEB8-8B4A-11D0-8D11-00A0C91BC942}") = "esent", "esent.vcproj", "{86D5F03C-C404-49D7-82E2-6BB974FC0379}"
EndProject
Global
	GlobalSection(SolutionConfigurationPlatforms) = preSolution
		Debug|Win32 = Debug|Win32
		Release|Win32 = Release|Win32
	EndGlobalSection
	GlobalSection(ProjectConfigurationPlatforms) = postSolution
		{86D5F03C-C404-49D7-82E2-6BB974FC0379}.Debug|Win32.ActiveCfg = Debug|Win32
		{86D5F03C-C404-49D7-82E2-6BB974FC0379}.Debug|Win32.Build.0 = Debug|Win32
		{86D5F03C-C404-49D7-82E2-6BB974FC0379}.Release|Win32.ActiveCfg = Release|Win32
		{86D5F03C-C404-49D7-82E2-6BB974FC0379}.Release|Win32.Build.0 = Release|Win32
	EndGlobalSection
	GlobalSection(SolutionProperties) = preSolution
		HideSolutionNode = FALSE
	EndGlobalSection
EndGlobal
